// !$*UTF8*$!
{
	archiveVersion = 1;
	classes = {
	};
	objectVersion = 77;
	objects = {

/* Begin PBXBuildFile section */
		9A4A59552F7C160100AD4FCB /* Auth in Frameworks */ = {isa = PBXBuildFile; productRef = 9A4A59542F7C160100AD4FCB /* Auth */; };
		9A4A59572F7C160100AD4FCB /* Functions in Frameworks */ = {isa = PBXBuildFile; productRef = 9A4A59562F7C160100AD4FCB /* Functions */; };
		9A4A59592F7C160100AD4FCB /* PostgREST in Frameworks */ = {isa = PBXBuildFile; productRef = 9A4A59582F7C160100AD4FCB /* PostgREST */; };
		9A4A595B2F7C160100AD4FCB /* Realtime in Frameworks */ = {isa = PBXBuildFile; productRef = 9A4A595A2F7C160100AD4FCB /* Realtime */; };
		9A4A595D2F7C160100AD4FCB /* Storage in Frameworks */ = {isa = PBXBuildFile; productRef = 9A4A595C2F7C160100AD4FCB /* Storage */; };
		9A4A595F2F7C160100AD4FCB /* Supabase in Frameworks */ = {isa = PBXBuildFile; productRef = 9A4A595E2F7C160100AD4FCB /* Supabase */; };
		F95491572F7D019B00D42CA2 /* Kingfisher in Frameworks */ = {isa = PBXBuildFile; productRef = F95491562F7D019B00D42CA2 /* Kingfisher */; };
/* End PBXBuildFile section */

/* Begin PBXFileReference section */
		9A4A57E52F7C01FE00AD4FCB /* Layman.app */ = {isa = PBXFileReference; explicitFileType = wrapper.application; includeInIndex = 0; path = Layman.app; sourceTree = BUILT_PRODUCTS_DIR; };
/* End PBXFileReference section */

/* Begin PBXFileSystemSynchronizedBuildFileExceptionSet section */
		9A4A5C142F7C236600AD4FCB /* Exceptions for "Layman" folder in "Layman" target */ = {
			isa = PBXFileSystemSynchronizedBuildFileExceptionSet;
			membershipExceptions = (
				Info.plist,
			);
			target = 9A4A57E42F7C01FE00AD4FCB /* Layman */;
		};
/* End PBXFileSystemSynchronizedBuildFileExceptionSet section */

/* Begin PBXFileSystemSynchronizedRootGroup section */
		9A4A57E72F7C01FE00AD4FCB /* Layman */ = {
			isa = PBXFileSystemSynchronizedRootGroup;
			exceptions = (
				9A4A5C142F7C236600AD4FCB /* Exceptions for "Layman" folder in "Layman" target */,
			);
			path = Layman;
			sourceTree = "<group>";
		};
/* End PBXFileSystemSynchronizedRootGroup section */

/* Begin PBXFrameworksBuildPhase section */
		9A4A57E22F7C01FE00AD4FCB /* Frameworks */ = {
			isa = PBXFrameworksBuildPhase;
			buildActionMask = 2147483647;
			files = (
				9A4A59592F7C160100AD4FCB /* PostgREST in Frameworks */,
				9A4A59572F7C160100AD4FCB /* Functions in Frameworks */,
				F95491572F7D019B00D42CA2 /* Kingfisher in Frameworks */,
				9A4A595F2F7C160100AD4FCB /* Supabase in Frameworks */,
				9A4A59552F7C160100AD4FCB /* Auth in Frameworks */,
				9A4A595D2F7C160100AD4FCB /* Storage in Frameworks */,
				9A4A595B2F7C160100AD4FCB /* Realtime in Frameworks */,
			);
			runOnlyForDeploymentPostprocessing = 0;
		};
/* End PBXFrameworksBuildPhase section */

/* Begin PBXGroup section */
		9A4A57DC2F7C01FE00AD4FCB = {
			isa = PBXGroup;
			children = (
				9A4A57E72F7C01FE00AD4FCB /* Layman */,
				9A4A57E62F7C01FE00AD4FCB /* Products */,
			);
			sourceTree = "<group>";
		};
		9A4A57E62F7C01FE00AD4FCB /* Products */ = {
			isa = PBXGroup;
			children = (
				9A4A57E52F7C01FE00AD4FCB /* Layman.app */,
			);
			name = Products;
			sourceTree = "<group>";
		};
/* End PBXGroup section */

/* Begin PBXNativeTarget section */
		9A4A57E42F7C01FE00AD4FCB /* Layman */ = {
			isa = PBXNativeTarget;
			buildConfigurationList = 9A4A57F02F7C01FE00AD4FCB /* Build configuration list for PBXNativeTarget "Layman" */;
			buildPhases = (
				9A4A57E12F7C01FE00AD4FCB /* Sources */,
				9A4A57E22F7C01FE00AD4FCB /* Frameworks */,
				9A4A57E32F7C01FE00AD4FCB /* Resources */,
			);
			buildRules = (
			);
			dependencies = (
			);
			fileSystemSynchronizedGroups = (
				9A4A57E72F7C01FE00AD4FCB /* Layman */,
			);
			name = Layman;
			packageProductDependencies = (
				9A4A59542F7C160100AD4FCB /* Auth */,
				9A4A59562F7C160100AD4FCB /* Functions */,
				9A4A59582F7C160100AD4FCB /* PostgREST */,
				9A4A595A2F7C160100AD4FCB /* Realtime */,
				9A4A595C2F7C160100AD4FCB /* Storage */,
				9A4A595E2F7C160100AD4FCB /* Supabase */,
				F95491562F7D019B00D42CA2 /* Kingfisher */,
			);
			productName = Layman;
			productReference = 9A4A57E52F7C01FE00AD4FCB /* Layman.app */;
			productType = "com.apple.product-type.application";
		};
/* End PBXNativeTarget section */

/* Begin PBXProject section */
		9A4A57DD2F7C01FE00AD4FCB /* Project object */ = {
			isa = PBXProject;
			attributes = {
				BuildIndependentTargetsInParallel = 1;
				LastSwiftUpdateCheck = 2620;
				LastUpgradeCheck = 2620;
				TargetAttributes = {
					9A4A57E42F7C01FE00AD4FCB = {
						CreatedOnToolsVersion = 26.2;
					};
				};
			};
			buildConfigurationList = 9A4A57E02F7C01FE00AD4FCB /* Build configuration list for PBXProject "Layman" */;
			developmentRegion = en;
			hasScannedForEncodings = 0;
			knownRegions = (
				en,
				Base,
			);
			mainGroup = 9A4A57DC2F7C01FE00AD4FCB;
			minimizedProjectReferenceProxies = 1;
			packageReferences = (
				9A4A59532F7C160100AD4FCB /* XCRemoteSwiftPackageReference "supabase-swift" */,
				F95491552F7D019B00D42CA2 /* XCRemoteSwiftPackageReference "Kingfisher" */,
			);
			preferredProjectObjectVersion = 77;
			productRefGroup = 9A4A57E62F7C01FE00AD4FCB /* Products */;
			projectDirPath = "";
			projectRoot = "";
			targets = (
				9A4A57E42F7C01FE00AD4FCB /* Layman */,
			);
		};
/* End PBXProject section */

/* Begin PBXResourcesBuildPhase section */
		9A4A57E32F7C01FE00AD4FCB /* Resources */ = {
			isa = PBXResourcesBuildPhase;
			buildActionMask = 2147483647;
			files = (
			);
			runOnlyForDeploymentPostprocessing = 0;
		};
/* End PBXResourcesBuildPhase section */

/* Begin PBXSourcesBuildPhase section */
		9A4A57E12F7C01FE00AD4FCB /* Sources */ = {
			isa = PBXSourcesBuildPhase;
			buildActionMask = 2147483647;
			files = (
			);
			runOnlyForDeploymentPostprocessing = 0;
		};
/* End PBXSourcesBuildPhase section */

/* Begin XCBuildConfiguration section */
		9A4A57EE2F7C01FE00AD4FCB /* Debug */ = {
			isa = XCBuildConfiguration;
			buildSettings = {
				ALWAYS_SEARCH_USER_PATHS = NO;
				ASSETCATALOG_COMPILER_GENERATE_SWIFT_ASSET_SYMBOL_EXTENSIONS = YES;
				CLANG_ANALYZER_NONNULL = YES;
				CLANG_ANALYZER_NUMBER_OBJECT_CONVERSION = YES_AGGRESSIVE;
				CLANG_CXX_LANGUAGE_STANDARD = "gnu++20";
				CLANG_ENABLE_MODULES = YES;
				CLANG_ENABLE_OBJC_ARC = YES;
				CLANG_ENABLE_OBJC_WEAK = YES;
				CLANG_WARN_BLOCK_CAPTURE_AUTORELEASING = YES;
				CLANG_WARN_BOOL_CONVERSION = YES;
				CLANG_WARN_COMMA = YES;
				CLANG_WARN_CONSTANT_CONVERSION = YES;
				CLANG_WARN_DEPRECATED_OBJC_IMPLEMENTATIONS = YES;
				CLANG_WARN_DIRECT_OBJC_ISA_USAGE = YES_ERROR;
				CLANG_WARN_DOCUMENTATION_COMMENTS = YES;
				CLANG_WARN_EMPTY_BODY = YES;
				CLANG_WARN_ENUM_CONVERSION = YES;
				CLANG_WARN_INFINITE_RECURSION = YES;
				CLANG_WARN_INT_CONVERSION = YES;
				CLANG_WARN_NON_LITERAL_NULL_CONVERSION = YES;
				CLANG_WARN_OBJC_IMPLICIT_RETAIN_SELF = YES;
				CLANG_WARN_OBJC_LITERAL_CONVERSION = YES;
				CLANG_WARN_OBJC_ROOT_CLASS = YES_ERROR;
				CLANG_WARN_QUOTED_INCLUDE_IN_FRAMEWORK_HEADER = YES;
				CLANG_WARN_RANGE_LOOP_ANALYSIS = YES;
				CLANG_WARN_STRICT_PROTOTYPES = YES;
				CLANG_WARN_SUSPICIOUS_MOVE = YES;
				CLANG_WARN_UNGUARDED_AVAILABILITY = YES_AGGRESSIVE;
				CLANG_WARN_UNREACHABLE_CODE = YES;
				CLANG_WARN__DUPLICATE_METHOD_MATCH = YES;
				COPY_PHASE_STRIP = NO;
				DEBUG_INFORMATION_FORMAT = dwarf;
				ENABLE_STRICT_OBJC_MSGSEND = YES;
				ENABLE_TESTABILITY = YES;
				ENABLE_USER_SCRIPT_SANDBOXING = YES;
				GCC_C_LANGUAGE_STANDARD = gnu17;
				GCC_DYNAMIC_NO_PIC = NO;
				GCC_NO_COMMON_BLOCKS = YES;
				GCC_OPTIMIZATION_LEVEL = 0;
				GCC_PREPROCESSOR_DEFINITIONS = (
					"DEBUG=1",
					"$(inherited)",
				);
				GCC_WARN_64_TO_32_BIT_CONVERSION = YES;
				GCC_WARN_ABOUT_RETURN_TYPE = YES_ERROR;
				GCC_WARN_UNDECLARED_SELECTOR = YES;
				GCC_WARN_UNINITIALIZED_AUTOS = YES_AGGRESSIVE;
				GCC_WARN_UNUSED_FUNCTION = YES;
				GCC_WARN_UNUSED_VARIABLE = YES;
				IPHONEOS_DEPLOYMENT_TARGET = 26.2;
				LOCALIZATION_PREFERS_STRING_CATALOGS = YES;
				MTL_ENABLE_DEBUG_INFO = INCLUDE_SOURCE;
				MTL_FAST_MATH = YES;
				ONLY_ACTIVE_ARCH = YES;
				SDKROOT = iphoneos;
				SWIFT_ACTIVE_COMPILATION_CONDITIONS = "DEBUG $(inherited)";
				SWIFT_OPTIMIZATION_LEVEL = "-Onone";
			};
			name = Debug;
		};
		9A4A57EF2F7C01FE00AD4FCB /* Release */ = {
			isa = XCBuildConfiguration;
			buildSettings = {
				ALWAYS_SEARCH_USER_PATHS = NO;
				ASSETCATALOG_COMPILER_GENERATE_SWIFT_ASSET_SYMBOL_EXTENSIONS = YES;
				CLANG_ANALYZER_NONNULL = YES;
				CLANG_ANALYZER_NUMBER_OBJECT_CONVERSION = YES_AGGRESSIVE;
				CLANG_CXX_LANGUAGE_STANDARD = "gnu++20";
				CLANG_ENABLE_MODULES = YES;
				CLANG_ENABLE_OBJC_ARC = YES;
				CLANG_ENABLE_OBJC_WEAK = YES;
				CLANG_WARN_BLOCK_CAPTURE_AUTORELEASING = YES;
				CLANG_WARN_BOOL_CONVERSION = YES;
				CLANG_WARN_COMMA = YES;
				CLANG_WARN_CONSTANT_CONVERSION = YES;
				CLANG_WARN_DEPRECATED_OBJC_IMPLEMENTATIONS = YES;
				CLANG_WARN_DIRECT_OBJC_ISA_USAGE = YES_ERROR;
				CLANG_WARN_DOCUMENTATION_COMMENTS = YES;
				CLANG_WARN_EMPTY_BODY = YES;
				CLANG_WARN_ENUM_CONVERSION = YES;
				CLANG_WARN_INFINITE_RECURSION = YES;
				CLANG_WARN_INT_CONVERSION = YES;
				CLANG_WARN_NON_LITERAL_NULL_CONVERSION = YES;
				CLANG_WARN_OBJC_IMPLICIT_RETAIN_SELF = YES;
				CLANG_WARN_OBJC_LITERAL_CONVERSION = YES;
				CLANG_WARN_OBJC_ROOT_CLASS = YES_ERROR;
				CLANG_WARN_QUOTED_INCLUDE_IN_FRAMEWORK_HEADER = YES;
				CLANG_WARN_RANGE_LOOP_ANALYSIS = YES;
				CLANG_WARN_STRICT_PROTOTYPES = YES;
				CLANG_WARN_SUSPICIOUS_MOVE = YES;
				CLANG_WARN_UNGUARDED_AVAILABILITY = YES_AGGRESSIVE;
				CLANG_WARN_UNREACHABLE_CODE = YES;
				CLANG_WARN__DUPLICATE_METHOD_MATCH = YES;
				COPY_PHASE_STRIP = NO;
				DEBUG_INFORMATION_FORMAT = "dwarf-with-dsym";
				ENABLE_NS_ASSERTIONS = NO;
				ENABLE_STRICT_OBJC_MSGSEND = YES;
				ENABLE_USER_SCRIPT_SANDBOXING = YES;
				GCC_C_LANGUAGE_STANDARD = gnu17;
				GCC_NO_COMMON_BLOCKS = YES;
				GCC_WARN_64_TO_32_BIT_CONVERSION = YES;
				GCC_WARN_ABOUT_RETURN_TYPE = YES_ERROR;
				GCC_WARN_UNDECLARED_SELECTOR = YES;
				GCC_WARN_UNINITIALIZED_AUTOS = YES_AGGRESSIVE;
				GCC_WARN_UNUSED_FUNCTION = YES;
				GCC_WARN_UNUSED_VARIABLE = YES;
				IPHONEOS_DEPLOYMENT_TARGET = 26.2;
				LOCALIZATION_PREFERS_STRING_CATALOGS = YES;
				MTL_ENABLE_DEBUG_INFO = NO;
				MTL_FAST_MATH = YES;
				SDKROOT = iphoneos;
				SWIFT_COMPILATION_MODE = wholemodule;
				VALIDATE_PRODUCT = YES;
			};
			name = Release;
		};
		9A4A57F12F7C01FE00AD4FCB /* Debug */ = {
			isa = XCBuildConfiguration;
			buildSettings = {
				ASSETCATALOG_COMPILER_APPICON_NAME = AppIcon;
				ASSETCATALOG_COMPILER_GLOBAL_ACCENT_COLOR_NAME = AccentColor;
				CODE_SIGN_STYLE = Automatic;
				CURRENT_PROJECT_VERSION = 1;
				DEVELOPMENT_TEAM = C5V32CXBL9;
				ENABLE_PREVIEWS = YES;
				GENERATE_INFOPLIST_FILE = YES;
				INFOPLIST_FILE = Layman/Info.plist;
				INFOPLIST_KEY_UIApplicationSceneManifest_Generation = YES;
				INFOPLIST_KEY_UIApplicationSupportsIndirectInputEvents = YES;
				INFOPLIST_KEY_UILaunchScreen_Generation = YES;
				INFOPLIST_KEY_UISupportedInterfaceOrientations = "UIInterfaceOrientationLandscapeLeft UIInterfaceOrientationLandscapeRight UIInterfaceOrientationPortrait";
				LD_RUNPATH_SEARCH_PATHS = (
					"$(inherited)",
					"@executable_path/Frameworks",
				);
				MARKETING_VERSION = 1.0;
				PRODUCT_BUNDLE_IDENTIFIER = com.project.Layman;
				PRODUCT_NAME = "$(TARGET_NAME)";
				STRING_CATALOG_GENERATE_SYMBOLS = YES;
				SWIFT_APPROACHABLE_CONCURRENCY = YES;
				SWIFT_DEFAULT_ACTOR_ISOLATION = MainActor;
				SWIFT_EMIT_LOC_STRINGS = YES;
				SWIFT_UPCOMING_FEATURE_MEMBER_IMPORT_VISIBILITY = YES;
				SWIFT_VERSION = 5.0;
				TARGETED_DEVICE_FAMILY = "1,2";
			};
			name = Debug;
		};
		9A4A57F22F7C01FE00AD4FCB /* Release */ = {
			isa = XCBuildConfiguration;
			buildSettings = {
				ASSETCATALOG_COMPILER_APPICON_NAME = AppIcon;
				ASSETCATALOG_COMPILER_GLOBAL_ACCENT_COLOR_NAME = AccentColor;
				CODE_SIGN_STYLE = Automatic;
				CURRENT_PROJECT_VERSION = 1;
				DEVELOPMENT_TEAM = C5V32CXBL9;
				ENABLE_PREVIEWS = YES;
				GENERATE_INFOPLIST_FILE = YES;
				INFOPLIST_FILE = Layman/Info.plist;
				INFOPLIST_KEY_UIApplicationSceneManifest_Generation = YES;
				INFOPLIST_KEY_UIApplicationSupportsIndirectInputEvents = YES;
				INFOPLIST_KEY_UILaunchScreen_Generation = YES;
				INFOPLIST_KEY_UISupportedInterfaceOrientations = "UIInterfaceOrientationLandscapeLeft UIInterfaceOrientationLandscapeRight UIInterfaceOrientationPortrait";
				LD_RUNPATH_SEARCH_PATHS = (
					"$(inherited)",
					"@executable_path/Frameworks",
				);
				MARKETING_VERSION = 1.0;
				PRODUCT_BUNDLE_IDENTIFIER = com.project.Layman;
				PRODUCT_NAME = "$(TARGET_NAME)";
				STRING_CATALOG_GENERATE_SYMBOLS = YES;
				SWIFT_APPROACHABLE_CONCURRENCY = YES;
				SWIFT_DEFAULT_ACTOR_ISOLATION = MainActor;
				SWIFT_EMIT_LOC_STRINGS = YES;
				SWIFT_UPCOMING_FEATURE_MEMBER_IMPORT_VISIBILITY = YES;
				SWIFT_VERSION = 5.0;
				TARGETED_DEVICE_FAMILY = "1,2";
			};
			name = Release;
		};
/* End XCBuildConfiguration section */

/* Begin XCConfigurationList section */
		9A4A57E02F7C01FE00AD4FCB /* Build configuration list for PBXProject "Layman" */ = {
			isa = XCConfigurationList;
			buildConfigurations = (
				9A4A57EE2F7C01FE00AD4FCB /* Debug */,
				9A4A57EF2F7C01FE00AD4FCB /* Release */,
			);
			defaultConfigurationIsVisible = 0;
			defaultConfigurationName = Release;
		};
		9A4A57F02F7C01FE00AD4FCB /* Build configuration list for PBXNativeTarget "Layman" */ = {
			isa = XCConfigurationList;
			buildConfigurations = (
				9A4A57F12F7C01FE00AD4FCB /* Debug */,
				9A4A57F22F7C01FE00AD4FCB /* Release */,
			);
			defaultConfigurationIsVisible = 0;
			defaultConfigurationName = Release;
		};
/* End XCConfigurationList section */

/* Begin XCRemoteSwiftPackageReference section */
		9A4A59532F7C160100AD4FCB /* XCRemoteSwiftPackageReference "supabase-swift" */ = {
			isa = XCRemoteSwiftPackageReference;
			repositoryURL = "https://github.com/supabase/supabase-swift";
			requirement = {
				kind = upToNextMajorVersion;
				minimumVersion = 2.5.1;
			};
		};
		F95491552F7D019B00D42CA2 /* XCRemoteSwiftPackageReference "Kingfisher" */ = {
			isa = XCRemoteSwiftPackageReference;
			repositoryURL = "https://github.com/onevcat/Kingfisher.git";
			requirement = {
				kind = upToNextMajorVersion;
				minimumVersion = 8.8.0;
			};
		};
/* End XCRemoteSwiftPackageReference section */

/* Begin XCSwiftPackageProductDependency section */
		9A4A59542F7C160100AD4FCB /* Auth */ = {
			isa = XCSwiftPackageProductDependency;
			package = 9A4A59532F7C160100AD4FCB /* XCRemoteSwiftPackageReference "supabase-swift" */;
			productName = Auth;
		};
		9A4A59562F7C160100AD4FCB /* Functions */ = {
			isa = XCSwiftPackageProductDependency;
			package = 9A4A59532F7C160100AD4FCB /* XCRemoteSwiftPackageReference "supabase-swift" */;
			productName = Functions;
		};
		9A4A59582F7C160100AD4FCB /* PostgREST */ = {
			isa = XCSwiftPackageProductDependency;
			package = 9A4A59532F7C160100AD4FCB /* XCRemoteSwiftPackageReference "supabase-swift" */;
			productName = PostgREST;
		};
		9A4A595A2F7C160100AD4FCB /* Realtime */ = {
			isa = XCSwiftPackageProductDependency;
			package = 9A4A59532F7C160100AD4FCB /* XCRemoteSwiftPackageReference "supabase-swift" */;
			productName = Realtime;
		};
		9A4A595C2F7C160100AD4FCB /* Storage */ = {
			isa = XCSwiftPackageProductDependency;
			package = 9A4A59532F7C160100AD4FCB /* XCRemoteSwiftPackageReference "supabase-swift" */;
			productName = Storage;
		};
		9A4A595E2F7C160100AD4FCB /* Supabase */ = {
			isa = XCSwiftPackageProductDependency;
			package = 9A4A59532F7C160100AD4FCB /* XCRemoteSwiftPackageReference "supabase-swift" */;
			productName = Supabase;
		};
		F95491562F7D019B00D42CA2 /* Kingfisher */ = {
			isa = XCSwiftPackageProductDependency;
			package = F95491552F7D019B00D42CA2 /* XCRemoteSwiftPackageReference "Kingfisher" */;
			productName = Kingfisher;
		};
/* End XCSwiftPackageProductDependency section */
	};
	rootObject = 9A4A57DD2F7C01FE00AD4FCB /* Project object */;
}
